
Microsoft Visual Studio Solution File, Format Version 12.00
# Visual Studio Version 16
VisualStudioVersion = 16.0.29905.134
MinimumVisualStudioVersion = 15.0.26124.0
Project("{9A19103F-16F7-4668-BE54-9A1E7A4F7556}") = "Sitecore.Modules.WeBlog", "src\Sitecore.Modules.WeBlog\Sitecore.Modules.WeBlog.csproj", "{747B5430-6DED-4127-96E7-E4E9CCAF9645}"
EndProject
Project("{9A19103F-16F7-4668-BE54-9A1E7A4F7556}") = "Sitecore.Modules.WeBlog.Mvc", "src\Sitecore.Modules.WeBlog.Mvc\Sitecore.Modules.WeBlog.Mvc.csproj", "{B0C7A560-7D61-4BBA-9F16-EEF57BEE7E89}"
EndProject
Project("{9A19103F-16F7-4668-BE54-9A1E7A4F7556}") = "IntegrationTest", "Test\IntegrationTest\IntegrationTest.csproj", "{EEB688C3-67F2-4F13-B525-7B577E998FA9}"
EndProject
Project("{9A19103F-16F7-4668-BE54-9A1E7A4F7556}") = "UnitTest", "Test\UnitTest\UnitTest.csproj", "{D1D6021C-B84F-47BA-B7B3-4D97132219BE}"
EndProject
Project("{2150E333-8FDC-42A3-9474-1A3956D46DE8}") = "Solution Items", "Solution Items", "{E0FCD520-0267-4693-9B90-0A1F6FB571D7}"
	ProjectSection(SolutionItems) = preProject
		Directory.Build.props = Directory.Build.props
	EndProjectSection
EndProject
Global
	GlobalSection(SolutionConfigurationPlatforms) = preSolution
		Debug sc10.0|Any CPU = Debug sc10.0|Any CPU
		Debug sc10.0|x64 = Debug sc10.0|x64
		Debug sc10.0|x86 = Debug sc10.0|x86
		Debug sc10.1|Any CPU = Debug sc10.1|Any CPU
		Debug sc10.1|x64 = Debug sc10.1|x64
		Debug sc10.1|x86 = Debug sc10.1|x86
		Debug sc9.0|Any CPU = Debug sc9.0|Any CPU
		Debug sc9.0|x64 = Debug sc9.0|x64
		Debug sc9.0|x86 = Debug sc9.0|x86
		Debug sc9.1|Any CPU = Debug sc9.1|Any CPU
		Debug sc9.1|x64 = Debug sc9.1|x64
		Debug sc9.1|x86 = Debug sc9.1|x86
		Debug sc9.2|Any CPU = Debug sc9.2|Any CPU
		Debug sc9.2|x64 = Debug sc9.2|x64
		Debug sc9.2|x86 = Debug sc9.2|x86
		Debug sc9.3|Any CPU = Debug sc9.3|Any CPU
		Debug sc9.3|x64 = Debug sc9.3|x64
		Debug sc9.3|x86 = Debug sc9.3|x86
		Debug|Any CPU = Debug|Any CPU
		Debug|x64 = Debug|x64
		Debug|x86 = Debug|x86
		Release sc10.0|Any CPU = Release sc10.0|Any CPU
		Release sc10.0|x64 = Release sc10.0|x64
		Release sc10.0|x86 = Release sc10.0|x86
		Release sc10.1|Any CPU = Release sc10.1|Any CPU
		Release sc10.1|x64 = Release sc10.1|x64
		Release sc10.1|x86 = Release sc10.1|x86
		Release sc9.0|Any CPU = Release sc9.0|Any CPU
		Release sc9.0|x64 = Release sc9.0|x64
		Release sc9.0|x86 = Release sc9.0|x86
		Release sc9.1|Any CPU = Release sc9.1|Any CPU
		Release sc9.1|x64 = Release sc9.1|x64
		Release sc9.1|x86 = Release sc9.1|x86
		Release sc9.2|Any CPU = Release sc9.2|Any CPU
		Release sc9.2|x64 = Release sc9.2|x64
		Release sc9.2|x86 = Release sc9.2|x86
		Release sc9.3|Any CPU = Release sc9.3|Any CPU
		Release sc9.3|x64 = Release sc9.3|x64
		Release sc9.3|x86 = Release sc9.3|x86
		Release|Any CPU = Release|Any CPU
		Release|x64 = Release|x64
		Release|x86 = Release|x86
	EndGlobalSection
	GlobalSection(ProjectConfigurationPlatforms) = postSolution
		{747B5430-6DED-4127-96E7-E4E9CCAF9645}.Debug sc10.0|Any CPU.ActiveCfg = Debug sc10.0|Any CPU
		{747B5430-6DED-4127-96E7-E4E9CCAF9645}.Debug sc10.0|Any CPU.Build.0 = Debug sc10.0|Any CPU
		{747B5430-6DED-4127-96E7-E4E9CCAF9645}.Debug sc10.0|x64.ActiveCfg = Debug sc10.0|Any CPU
		{747B5430-6DED-4127-96E7-E4E9CCAF9645}.Debug sc10.0|x64.Build.0 = Debug sc10.0|Any CPU
		{747B5430-6DED-4127-96E7-E4E9CCAF9645}.Debug sc10.0|x86.ActiveCfg = Debug sc10.0|Any CPU
		{747B5430-6DED-4127-96E7-E4E9CCAF9645}.Debug sc10.0|x86.Build.0 = Debug sc10.0|Any CPU
		{747B5430-6DED-4127-96E7-E4E9CCAF9645}.Debug sc10.1|Any CPU.ActiveCfg = Debug sc10.1|Any CPU
		{747B5430-6DED-4127-96E7-E4E9CCAF9645}.Debug sc10.1|Any CPU.Build.0 = Debug sc10.1|Any CPU
		{747B5430-6DED-4127-96E7-E4E9CCAF9645}.Debug sc10.1|x64.ActiveCfg = Debug sc10.1|Any CPU
		{747B5430-6DED-4127-96E7-E4E9CCAF9645}.Debug sc10.1|x64.Build.0 = Debug sc10.1|Any CPU
		{747B5430-6DED-4127-96E7-E4E9CCAF9645}.Debug sc10.1|x86.ActiveCfg = Debug sc10.1|Any CPU
		{747B5430-6DED-4127-96E7-E4E9CCAF9645}.Debug sc10.1|x86.Build.0 = Debug sc10.1|Any CPU
		{747B5430-6DED-4127-96E7-E4E9CCAF9645}.Debug sc9.0|Any CPU.ActiveCfg = Debug sc9.0|Any CPU
		{747B5430-6DED-4127-96E7-E4E9CCAF9645}.Debug sc9.0|Any CPU.Build.0 = Debug sc9.0|Any CPU
		{747B5430-6DED-4127-96E7-E4E9CCAF9645}.Debug sc9.0|x64.ActiveCfg = Debug sc9.0|Any CPU
		{747B5430-6DED-4127-96E7-E4E9CCAF9645}.Debug sc9.0|x64.Build.0 = Debug sc9.0|Any CPU
		{747B5430-6DED-4127-96E7-E4E9CCAF9645}.Debug sc9.0|x86.ActiveCfg = Debug sc9.0|Any CPU
		{747B5430-6DED-4127-96E7-E4E9CCAF9645}.Debug sc9.0|x86.Build.0 = Debug sc9.0|Any CPU
		{747B5430-6DED-4127-96E7-E4E9CCAF9645}.Debug sc9.1|Any CPU.ActiveCfg = Debug sc9.1|Any CPU
		{747B5430-6DED-4127-96E7-E4E9CCAF9645}.Debug sc9.1|Any CPU.Build.0 = Debug sc9.1|Any CPU
		{747B5430-6DED-4127-96E7-E4E9CCAF9645}.Debug sc9.1|x64.ActiveCfg = Debug sc9.1|Any CPU
		{747B5430-6DED-4127-96E7-E4E9CCAF9645}.Debug sc9.1|x64.Build.0 = Debug sc9.1|Any CPU
		{747B5430-6DED-4127-96E7-E4E9CCAF9645}.Debug sc9.1|x86.ActiveCfg = Debug sc9.1|Any CPU
		{747B5430-6DED-4127-96E7-E4E9CCAF9645}.Debug sc9.1|x86.Build.0 = Debug sc9.1|Any CPU
		{747B5430-6DED-4127-96E7-E4E9CCAF9645}.Debug sc9.2|Any CPU.ActiveCfg = Debug sc9.2|Any CPU
		{747B5430-6DED-4127-96E7-E4E9CCAF9645}.Debug sc9.2|Any CPU.Build.0 = Debug sc9.2|Any CPU
		{747B5430-6DED-4127-96E7-E4E9CCAF9645}.Debug sc9.2|x64.ActiveCfg = Debug sc9.2|Any CPU
		{747B5430-6DED-4127-96E7-E4E9CCAF9645}.Debug sc9.2|x64.Build.0 = Debug sc9.2|Any CPU
		{747B5430-6DED-4127-96E7-E4E9CCAF9645}.Debug sc9.2|x86.ActiveCfg = Debug sc9.2|Any CPU
		{747B5430-6DED-4127-96E7-E4E9CCAF9645}.Debug sc9.2|x86.Build.0 = Debug sc9.2|Any CPU
		{747B5430-6DED-4127-96E7-E4E9CCAF9645}.Debug sc9.3|Any CPU.ActiveCfg = Debug sc9.3|Any CPU
		{747B5430-6DED-4127-96E7-E4E9CCAF9645}.Debug sc9.3|Any CPU.Build.0 = Debug sc9.3|Any CPU
		{747B5430-6DED-4127-96E7-E4E9CCAF9645}.Debug sc9.3|x64.ActiveCfg = Debug sc9.3|Any CPU
		{747B5430-6DED-4127-96E7-E4E9CCAF9645}.Debug sc9.3|x64.Build.0 = Debug sc9.3|Any CPU
		{747B5430-6DED-4127-96E7-E4E9CCAF9645}.Debug sc9.3|x86.ActiveCfg = Debug sc9.3|Any CPU
		{747B5430-6DED-4127-96E7-E4E9CCAF9645}.Debug sc9.3|x86.Build.0 = Debug sc9.3|Any CPU
		{747B5430-6DED-4127-96E7-E4E9CCAF9645}.Debug|Any CPU.ActiveCfg = Debug sc9.1|Any CPU
		{747B5430-6DED-4127-96E7-E4E9CCAF9645}.Debug|Any CPU.Build.0 = Debug sc9.1|Any CPU
		{747B5430-6DED-4127-96E7-E4E9CCAF9645}.Debug|x64.ActiveCfg = Debug sc9.1|Any CPU
		{747B5430-6DED-4127-96E7-E4E9CCAF9645}.Debug|x64.Build.0 = Debug sc9.1|Any CPU
		{747B5430-6DED-4127-96E7-E4E9CCAF9645}.Debug|x86.ActiveCfg = Debug sc9.1|Any CPU
		{747B5430-6DED-4127-96E7-E4E9CCAF9645}.Debug|x86.Build.0 = Debug sc9.1|Any CPU
		{747B5430-6DED-4127-96E7-E4E9CCAF9645}.Release sc10.0|Any CPU.ActiveCfg = Release sc10.0|Any CPU
		{747B5430-6DED-4127-96E7-E4E9CCAF9645}.Release sc10.0|Any CPU.Build.0 = Release sc10.0|Any CPU
		{747B5430-6DED-4127-96E7-E4E9CCAF9645}.Release sc10.0|x64.ActiveCfg = Release sc10.0|Any CPU
		{747B5430-6DED-4127-96E7-E4E9CCAF9645}.Release sc10.0|x64.Build.0 = Release sc10.0|Any CPU
		{747B5430-6DED-4127-96E7-E4E9CCAF9645}.Release sc10.0|x86.ActiveCfg = Release sc10.0|Any CPU
		{747B5430-6DED-4127-96E7-E4E9CCAF9645}.Release sc10.0|x86.Build.0 = Release sc10.0|Any CPU
		{747B5430-6DED-4127-96E7-E4E9CCAF9645}.Release sc10.1|Any CPU.ActiveCfg = Release sc10.1|Any CPU
		{747B5430-6DED-4127-96E7-E4E9CCAF9645}.Release sc10.1|Any CPU.Build.0 = Release sc10.1|Any CPU
		{747B5430-6DED-4127-96E7-E4E9CCAF9645}.Release sc10.1|x64.ActiveCfg = Release sc10.1|Any CPU
		{747B5430-6DED-4127-96E7-E4E9CCAF9645}.Release sc10.1|x64.Build.0 = Release sc10.1|Any CPU
		{747B5430-6DED-4127-96E7-E4E9CCAF9645}.Release sc10.1|x86.ActiveCfg = Release sc10.1|Any CPU
		{747B5430-6DED-4127-96E7-E4E9CCAF9645}.Release sc10.1|x86.Build.0 = Release sc10.1|Any CPU
		{747B5430-6DED-4127-96E7-E4E9CCAF9645}.Release sc9.0|Any CPU.ActiveCfg = Release sc9.0|Any CPU
		{747B5430-6DED-4127-96E7-E4E9CCAF9645}.Release sc9.0|Any CPU.Build.0 = Release sc9.0|Any CPU
		{747B5430-6DED-4127-96E7-E4E9CCAF9645}.Release sc9.0|x64.ActiveCfg = Release sc9.0|Any CPU
		{747B5430-6DED-4127-96E7-E4E9CCAF9645}.Release sc9.0|x64.Build.0 = Release sc9.0|Any CPU
		{747B5430-6DED-4127-96E7-E4E9CCAF9645}.Release sc9.0|x86.ActiveCfg = Release sc9.0|Any CPU
		{747B5430-6DED-4127-96E7-E4E9CCAF9645}.Release sc9.0|x86.Build.0 = Release sc9.0|Any CPU
		{747B5430-6DED-4127-96E7-E4E9CCAF9645}.Release sc9.1|Any CPU.ActiveCfg = Release sc9.1|Any CPU
		{747B5430-6DED-4127-96E7-E4E9CCAF9645}.Release sc9.1|Any CPU.Build.0 = Release sc9.1|Any CPU
		{747B5430-6DED-4127-96E7-E4E9CCAF9645}.Release sc9.1|x64.ActiveCfg = Release sc9.1|Any CPU
		{747B5430-6DED-4127-96E7-E4E9CCAF9645}.Release sc9.1|x64.Build.0 = Release sc9.1|Any CPU
		{747B5430-6DED-4127-96E7-E4E9CCAF9645}.Release sc9.1|x86.ActiveCfg = Release sc9.1|Any CPU
		{747B5430-6DED-4127-96E7-E4E9CCAF9645}.Release sc9.1|x86.Build.0 = Release sc9.1|Any CPU
		{747B5430-6DED-4127-96E7-E4E9CCAF9645}.Release sc9.2|Any CPU.ActiveCfg = Release sc9.2|Any CPU
		{747B5430-6DED-4127-96E7-E4E9CCAF9645}.Release sc9.2|Any CPU.Build.0 = Release sc9.2|Any CPU
		{747B5430-6DED-4127-96E7-E4E9CCAF9645}.Release sc9.2|x64.ActiveCfg = Release sc9.2|Any CPU
		{747B5430-6DED-4127-96E7-E4E9CCAF9645}.Release sc9.2|x64.Build.0 = Release sc9.2|Any CPU
		{747B5430-6DED-4127-96E7-E4E9CCAF9645}.Release sc9.2|x86.ActiveCfg = Release sc9.2|Any CPU
		{747B5430-6DED-4127-96E7-E4E9CCAF9645}.Release sc9.2|x86.Build.0 = Release sc9.2|Any CPU
		{747B5430-6DED-4127-96E7-E4E9CCAF9645}.Release sc9.3|Any CPU.ActiveCfg = Release sc9.3|Any CPU
		{747B5430-6DED-4127-96E7-E4E9CCAF9645}.Release sc9.3|Any CPU.Build.0 = Release sc9.3|Any CPU
		{747B5430-6DED-4127-96E7-E4E9CCAF9645}.Release sc9.3|x64.ActiveCfg = Release sc9.3|Any CPU
		{747B5430-6DED-4127-96E7-E4E9CCAF9645}.Release sc9.3|x64.Build.0 = Release sc9.3|Any CPU
		{747B5430-6DED-4127-96E7-E4E9CCAF9645}.Release sc9.3|x86.ActiveCfg = Release sc9.3|Any CPU
		{747B5430-6DED-4127-96E7-E4E9CCAF9645}.Release sc9.3|x86.Build.0 = Release sc9.3|Any CPU
		{747B5430-6DED-4127-96E7-E4E9CCAF9645}.Release|Any CPU.ActiveCfg = Release sc9.1|Any CPU
		{747B5430-6DED-4127-96E7-E4E9CCAF9645}.Release|Any CPU.Build.0 = Release sc9.1|Any CPU
		{747B5430-6DED-4127-96E7-E4E9CCAF9645}.Release|x64.ActiveCfg = Release sc9.1|Any CPU
		{747B5430-6DED-4127-96E7-E4E9CCAF9645}.Release|x64.Build.0 = Release sc9.1|Any CPU
		{747B5430-6DED-4127-96E7-E4E9CCAF9645}.Release|x86.ActiveCfg = Release sc9.1|Any CPU
		{747B5430-6DED-4127-96E7-E4E9CCAF9645}.Release|x86.Build.0 = Release sc9.1|Any CPU
		{B0C7A560-7D61-4BBA-9F16-EEF57BEE7E89}.Debug sc10.0|Any CPU.ActiveCfg = Debug sc10.0|Any CPU
		{B0C7A560-7D61-4BBA-9F16-EEF57BEE7E89}.Debug sc10.0|Any CPU.Build.0 = Debug sc10.0|Any CPU
		{B0C7A560-7D61-4BBA-9F16-EEF57BEE7E89}.Debug sc10.0|x64.ActiveCfg = Debug sc10.0|Any CPU
		{B0C7A560-7D61-4BBA-9F16-EEF57BEE7E89}.Debug sc10.0|x64.Build.0 = Debug sc10.0|Any CPU
		{B0C7A560-7D61-4BBA-9F16-EEF57BEE7E89}.Debug sc10.0|x86.ActiveCfg = Debug sc10.0|Any CPU
		{B0C7A560-7D61-4BBA-9F16-EEF57BEE7E89}.Debug sc10.0|x86.Build.0 = Debug sc10.0|Any CPU
		{B0C7A560-7D61-4BBA-9F16-EEF57BEE7E89}.Debug sc10.1|Any CPU.ActiveCfg = Debug sc10.1|Any CPU
		{B0C7A560-7D61-4BBA-9F16-EEF57BEE7E89}.Debug sc10.1|Any CPU.Build.0 = Debug sc10.1|Any CPU
		{B0C7A560-7D61-4BBA-9F16-EEF57BEE7E89}.Debug sc10.1|x64.ActiveCfg = Debug sc10.1|Any CPU
		{B0C7A560-7D61-4BBA-9F16-EEF57BEE7E89}.Debug sc10.1|x64.Build.0 = Debug sc10.1|Any CPU
		{B0C7A560-7D61-4BBA-9F16-EEF57BEE7E89}.Debug sc10.1|x86.ActiveCfg = Debug sc10.1|Any CPU
		{B0C7A560-7D61-4BBA-9F16-EEF57BEE7E89}.Debug sc10.1|x86.Build.0 = Debug sc10.1|Any CPU
		{B0C7A560-7D61-4BBA-9F16-EEF57BEE7E89}.Debug sc9.0|Any CPU.ActiveCfg = Debug sc9.0|Any CPU
		{B0C7A560-7D61-4BBA-9F16-EEF57BEE7E89}.Debug sc9.0|Any CPU.Build.0 = Debug sc9.0|Any CPU
		{B0C7A560-7D61-4BBA-9F16-EEF57BEE7E89}.Debug sc9.0|x64.ActiveCfg = Debug sc9.0|Any CPU
		{B0C7A560-7D61-4BBA-9F16-EEF57BEE7E89}.Debug sc9.0|x64.Build.0 = Debug sc9.0|Any CPU
		{B0C7A560-7D61-4BBA-9F16-EEF57BEE7E89}.Debug sc9.0|x86.ActiveCfg = Debug sc9.0|Any CPU
		{B0C7A560-7D61-4BBA-9F16-EEF57BEE7E89}.Debug sc9.0|x86.Build.0 = Debug sc9.0|Any CPU
		{B0C7A560-7D61-4BBA-9F16-EEF57BEE7E89}.Debug sc9.1|Any CPU.ActiveCfg = Debug sc9.1|Any CPU
		{B0C7A560-7D61-4BBA-9F16-EEF57BEE7E89}.Debug sc9.1|Any CPU.Build.0 = Debug sc9.1|Any CPU
		{B0C7A560-7D61-4BBA-9F16-EEF57BEE7E89}.Debug sc9.1|x64.ActiveCfg = Debug sc9.1|Any CPU
		{B0C7A560-7D61-4BBA-9F16-EEF57BEE7E89}.Debug sc9.1|x64.Build.0 = Debug sc9.1|Any CPU
		{B0C7A560-7D61-4BBA-9F16-EEF57BEE7E89}.Debug sc9.1|x86.ActiveCfg = Debug sc9.1|Any CPU
		{B0C7A560-7D61-4BBA-9F16-EEF57BEE7E89}.Debug sc9.1|x86.Build.0 = Debug sc9.1|Any CPU
		{B0C7A560-7D61-4BBA-9F16-EEF57BEE7E89}.Debug sc9.2|Any CPU.ActiveCfg = Debug sc9.2|Any CPU
		{B0C7A560-7D61-4BBA-9F16-EEF57BEE7E89}.Debug sc9.2|Any CPU.Build.0 = Debug sc9.2|Any CPU
		{B0C7A560-7D61-4BBA-9F16-EEF57BEE7E89}.Debug sc9.2|x64.ActiveCfg = Debug sc9.2|Any CPU
		{B0C7A560-7D61-4BBA-9F16-EEF57BEE7E89}.Debug sc9.2|x64.Build.0 = Debug sc9.2|Any CPU
		{B0C7A560-7D61-4BBA-9F16-EEF57BEE7E89}.Debug sc9.2|x86.ActiveCfg = Debug sc9.2|Any CPU
		{B0C7A560-7D61-4BBA-9F16-EEF57BEE7E89}.Debug sc9.2|x86.Build.0 = Debug sc9.2|Any CPU
		{B0C7A560-7D61-4BBA-9F16-EEF57BEE7E89}.Debug sc9.3|Any CPU.ActiveCfg = Debug sc9.3|Any CPU
		{B0C7A560-7D61-4BBA-9F16-EEF57BEE7E89}.Debug sc9.3|Any CPU.Build.0 = Debug sc9.3|Any CPU
		{B0C7A560-7D61-4BBA-9F16-EEF57BEE7E89}.Debug sc9.3|x64.ActiveCfg = Debug sc9.3|Any CPU
		{B0C7A560-7D61-4BBA-9F16-EEF57BEE7E89}.Debug sc9.3|x64.Build.0 = Debug sc9.3|Any CPU
		{B0C7A560-7D61-4BBA-9F16-EEF57BEE7E89}.Debug sc9.3|x86.ActiveCfg = Debug sc9.3|Any CPU
		{B0C7A560-7D61-4BBA-9F16-EEF57BEE7E89}.Debug sc9.3|x86.Build.0 = Debug sc9.3|Any CPU
		{B0C7A560-7D61-4BBA-9F16-EEF57BEE7E89}.Debug|Any CPU.ActiveCfg = Debug sc9.1|Any CPU
		{B0C7A560-7D61-4BBA-9F16-EEF57BEE7E89}.Debug|Any CPU.Build.0 = Debug sc9.1|Any CPU
		{B0C7A560-7D61-4BBA-9F16-EEF57BEE7E89}.Debug|x64.ActiveCfg = Debug sc9.1|Any CPU
		{B0C7A560-7D61-4BBA-9F16-EEF57BEE7E89}.Debug|x64.Build.0 = Debug sc9.1|Any CPU
		{B0C7A560-7D61-4BBA-9F16-EEF57BEE7E89}.Debug|x86.ActiveCfg = Debug sc9.1|Any CPU
		{B0C7A560-7D61-4BBA-9F16-EEF57BEE7E89}.Debug|x86.Build.0 = Debug sc9.1|Any CPU
		{B0C7A560-7D61-4BBA-9F16-EEF57BEE7E89}.Release sc10.0|Any CPU.ActiveCfg = Release sc10.0|Any CPU
		{B0C7A560-7D61-4BBA-9F16-EEF57BEE7E89}.Release sc10.0|Any CPU.Build.0 = Release sc10.0|Any CPU
		{B0C7A560-7D61-4BBA-9F16-EEF57BEE7E89}.Release sc10.0|x64.ActiveCfg = Release sc10.0|Any CPU
		{B0C7A560-7D61-4BBA-9F16-EEF57BEE7E89}.Release sc10.0|x64.Build.0 = Release sc10.0|Any CPU
		{B0C7A560-7D61-4BBA-9F16-EEF57BEE7E89}.Release sc10.0|x86.ActiveCfg = Release sc10.0|Any CPU
		{B0C7A560-7D61-4BBA-9F16-EEF57BEE7E89}.Release sc10.0|x86.Build.0 = Release sc10.0|Any CPU
		{B0C7A560-7D61-4BBA-9F16-EEF57BEE7E89}.Release sc10.1|Any CPU.ActiveCfg = Release sc10.1|Any CPU
		{B0C7A560-7D61-4BBA-9F16-EEF57BEE7E89}.Release sc10.1|Any CPU.Build.0 = Release sc10.1|Any CPU
		{B0C7A560-7D61-4BBA-9F16-EEF57BEE7E89}.Release sc10.1|x64.ActiveCfg = Release sc10.1|Any CPU
		{B0C7A560-7D61-4BBA-9F16-EEF57BEE7E89}.Release sc10.1|x64.Build.0 = Release sc10.1|Any CPU
		{B0C7A560-7D61-4BBA-9F16-EEF57BEE7E89}.Release sc10.1|x86.ActiveCfg = Release sc10.1|Any CPU
		{B0C7A560-7D61-4BBA-9F16-EEF57BEE7E89}.Release sc10.1|x86.Build.0 = Release sc10.1|Any CPU
		{B0C7A560-7D61-4BBA-9F16-EEF57BEE7E89}.Release sc9.0|Any CPU.ActiveCfg = Release sc9.0|Any CPU
		{B0C7A560-7D61-4BBA-9F16-EEF57BEE7E89}.Release sc9.0|Any CPU.Build.0 = Release sc9.0|Any CPU
		{B0C7A560-7D61-4BBA-9F16-EEF57BEE7E89}.Release sc9.0|x64.ActiveCfg = Release sc9.0|Any CPU
		{B0C7A560-7D61-4BBA-9F16-EEF57BEE7E89}.Release sc9.0|x64.Build.0 = Release sc9.0|Any CPU
		{B0C7A560-7D61-4BBA-9F16-EEF57BEE7E89}.Release sc9.0|x86.ActiveCfg = Release sc9.0|Any CPU
		{B0C7A560-7D61-4BBA-9F16-EEF57BEE7E89}.Release sc9.0|x86.Build.0 = Release sc9.0|Any CPU
		{B0C7A560-7D61-4BBA-9F16-EEF57BEE7E89}.Release sc9.1|Any CPU.ActiveCfg = Release sc9.1|Any CPU
		{B0C7A560-7D61-4BBA-9F16-EEF57BEE7E89}.Release sc9.1|Any CPU.Build.0 = Release sc9.1|Any CPU
		{B0C7A560-7D61-4BBA-9F16-EEF57BEE7E89}.Release sc9.1|x64.ActiveCfg = Release sc9.1|Any CPU
		{B0C7A560-7D61-4BBA-9F16-EEF57BEE7E89}.Release sc9.1|x64.Build.0 = Release sc9.1|Any CPU
		{B0C7A560-7D61-4BBA-9F16-EEF57BEE7E89}.Release sc9.1|x86.ActiveCfg = Release sc9.1|Any CPU
		{B0C7A560-7D61-4BBA-9F16-EEF57BEE7E89}.Release sc9.1|x86.Build.0 = Release sc9.1|Any CPU
		{B0C7A560-7D61-4BBA-9F16-EEF57BEE7E89}.Release sc9.2|Any CPU.ActiveCfg = Release sc9.2|Any CPU
		{B0C7A560-7D61-4BBA-9F16-EEF57BEE7E89}.Release sc9.2|Any CPU.Build.0 = Release sc9.2|Any CPU
		{B0C7A560-7D61-4BBA-9F16-EEF57BEE7E89}.Release sc9.2|x64.ActiveCfg = Release sc9.2|Any CPU
		{B0C7A560-7D61-4BBA-9F16-EEF57BEE7E89}.Release sc9.2|x64.Build.0 = Release sc9.2|Any CPU
		{B0C7A560-7D61-4BBA-9F16-EEF57BEE7E89}.Release sc9.2|x86.ActiveCfg = Release sc9.2|Any CPU
		{B0C7A560-7D61-4BBA-9F16-EEF57BEE7E89}.Release sc9.2|x86.Build.0 = Release sc9.2|Any CPU
		{B0C7A560-7D61-4BBA-9F16-EEF57BEE7E89}.Release sc9.3|Any CPU.ActiveCfg = Release sc9.3|Any CPU
		{B0C7A560-7D61-4BBA-9F16-EEF57BEE7E89}.Release sc9.3|Any CPU.Build.0 = Release sc9.3|Any CPU
		{B0C7A560-7D61-4BBA-9F16-EEF57BEE7E89}.Release sc9.3|x64.ActiveCfg = Release sc9.3|Any CPU
		{B0C7A560-7D61-4BBA-9F16-EEF57BEE7E89}.Release sc9.3|x64.Build.0 = Release sc9.3|Any CPU
		{B0C7A560-7D61-4BBA-9F16-EEF57BEE7E89}.Release sc9.3|x86.ActiveCfg = Release sc9.3|Any CPU
		{B0C7A560-7D61-4BBA-9F16-EEF57BEE7E89}.Release sc9.3|x86.Build.0 = Release sc9.3|Any CPU
		{B0C7A560-7D61-4BBA-9F16-EEF57BEE7E89}.Release|Any CPU.ActiveCfg = Release sc9.1|Any CPU
		{B0C7A560-7D61-4BBA-9F16-EEF57BEE7E89}.Release|Any CPU.Build.0 = Release sc9.1|Any CPU
		{B0C7A560-7D61-4BBA-9F16-EEF57BEE7E89}.Release|x64.ActiveCfg = Release sc9.1|Any CPU
		{B0C7A560-7D61-4BBA-9F16-EEF57BEE7E89}.Release|x64.Build.0 = Release sc9.1|Any CPU
		{B0C7A560-7D61-4BBA-9F16-EEF57BEE7E89}.Release|x86.ActiveCfg = Release sc9.1|Any CPU
		{B0C7A560-7D61-4BBA-9F16-EEF57BEE7E89}.Release|x86.Build.0 = Release sc9.1|Any CPU
		{EEB688C3-67F2-4F13-B525-7B577E998FA9}.Debug sc10.0|Any CPU.ActiveCfg = Debug sc10.0|Any CPU
		{EEB688C3-67F2-4F13-B525-7B577E998FA9}.Debug sc10.0|Any CPU.Build.0 = Debug sc10.0|Any CPU
		{EEB688C3-67F2-4F13-B525-7B577E998FA9}.Debug sc10.0|x64.ActiveCfg = Debug sc10.0|Any CPU
		{EEB688C3-67F2-4F13-B525-7B577E998FA9}.Debug sc10.0|x64.Build.0 = Debug sc10.0|Any CPU
		{EEB688C3-67F2-4F13-B525-7B577E998FA9}.Debug sc10.0|x86.ActiveCfg = Debug sc10.0|Any CPU
		{EEB688C3-67F2-4F13-B525-7B577E998FA9}.Debug sc10.0|x86.Build.0 = Debug sc10.0|Any CPU
		{EEB688C3-67F2-4F13-B525-7B577E998FA9}.Debug sc10.1|Any CPU.ActiveCfg = Debug sc10.1|Any CPU
		{EEB688C3-67F2-4F13-B525-7B577E998FA9}.Debug sc10.1|Any CPU.Build.0 = Debug sc10.1|Any CPU
		{EEB688C3-67F2-4F13-B525-7B577E998FA9}.Debug sc10.1|x64.ActiveCfg = Debug sc10.1|Any CPU
		{EEB688C3-67F2-4F13-B525-7B577E998FA9}.Debug sc10.1|x64.Build.0 = Debug sc10.1|Any CPU
		{EEB688C3-67F2-4F13-B525-7B577E998FA9}.Debug sc10.1|x86.ActiveCfg = Debug sc10.1|Any CPU
		{EEB688C3-67F2-4F13-B525-7B577E998FA9}.Debug sc10.1|x86.Build.0 = Debug sc10.1|Any CPU
		{EEB688C3-67F2-4F13-B525-7B577E998FA9}.Debug sc9.0|Any CPU.ActiveCfg = Debug sc9.0|Any CPU
		{EEB688C3-67F2-4F13-B525-7B577E998FA9}.Debug sc9.0|Any CPU.Build.0 = Debug sc9.0|Any CPU
		{EEB688C3-67F2-4F13-B525-7B577E998FA9}.Debug sc9.0|x64.ActiveCfg = Debug sc9.0|Any CPU
		{EEB688C3-67F2-4F13-B525-7B577E998FA9}.Debug sc9.0|x64.Build.0 = Debug sc9.0|Any CPU
		{EEB688C3-67F2-4F13-B525-7B577E998FA9}.Debug sc9.0|x86.ActiveCfg = Debug sc9.0|Any CPU
		{EEB688C3-67F2-4F13-B525-7B577E998FA9}.Debug sc9.0|x86.Build.0 = Debug sc9.0|Any CPU
		{EEB688C3-67F2-4F13-B525-7B577E998FA9}.Debug sc9.1|Any CPU.ActiveCfg = Debug sc9.1|Any CPU
		{EEB688C3-67F2-4F13-B525-7B577E998FA9}.Debug sc9.1|Any CPU.Build.0 = Debug sc9.1|Any CPU
		{EEB688C3-67F2-4F13-B525-7B577E998FA9}.Debug sc9.1|x64.ActiveCfg = Debug sc9.1|Any CPU
		{EEB688C3-67F2-4F13-B525-7B577E998FA9}.Debug sc9.1|x64.Build.0 = Debug sc9.1|Any CPU
		{EEB688C3-67F2-4F13-B525-7B577E998FA9}.Debug sc9.1|x86.ActiveCfg = Debug sc9.1|Any CPU
		{EEB688C3-67F2-4F13-B525-7B577E998FA9}.Debug sc9.1|x86.Build.0 = Debug sc9.1|Any CPU
		{EEB688C3-67F2-4F13-B525-7B577E998FA9}.Debug sc9.2|Any CPU.ActiveCfg = Debug sc9.2|Any CPU
		{EEB688C3-67F2-4F13-B525-7B577E998FA9}.Debug sc9.2|Any CPU.Build.0 = Debug sc9.2|Any CPU
		{EEB688C3-67F2-4F13-B525-7B577E998FA9}.Debug sc9.2|x64.ActiveCfg = Debug sc9.2|Any CPU
		{EEB688C3-67F2-4F13-B525-7B577E998FA9}.Debug sc9.2|x64.Build.0 = Debug sc9.2|Any CPU
		{EEB688C3-67F2-4F13-B525-7B577E998FA9}.Debug sc9.2|x86.ActiveCfg = Debug sc9.2|Any CPU
		{EEB688C3-67F2-4F13-B525-7B577E998FA9}.Debug sc9.2|x86.Build.0 = Debug sc9.2|Any CPU
		{EEB688C3-67F2-4F13-B525-7B577E998FA9}.Debug sc9.3|Any CPU.ActiveCfg = Debug sc9.3|Any CPU
		{EEB688C3-67F2-4F13-B525-7B577E998FA9}.Debug sc9.3|Any CPU.Build.0 = Debug sc9.3|Any CPU
		{EEB688C3-67F2-4F13-B525-7B577E998FA9}.Debug sc9.3|x64.ActiveCfg = Debug sc9.3|Any CPU
		{EEB688C3-67F2-4F13-B525-7B577E998FA9}.Debug sc9.3|x64.Build.0 = Debug sc9.3|Any CPU
		{EEB688C3-67F2-4F13-B525-7B577E998FA9}.Debug sc9.3|x86.ActiveCfg = Debug sc9.3|Any CPU
		{EEB688C3-67F2-4F13-B525-7B577E998FA9}.Debug sc9.3|x86.Build.0 = Debug sc9.3|Any CPU
		{EEB688C3-67F2-4F13-B525-7B577E998FA9}.Debug|Any CPU.ActiveCfg = Debug sc9.1|Any CPU
		{EEB688C3-67F2-4F13-B525-7B577E998FA9}.Debug|Any CPU.Build.0 = Debug sc9.1|Any CPU
		{EEB688C3-67F2-4F13-B525-7B577E998FA9}.Debug|x64.ActiveCfg = Debug sc9.1|Any CPU
		{EEB688C3-67F2-4F13-B525-7B577E998FA9}.Debug|x64.Build.0 = Debug sc9.1|Any CPU
		{EEB688C3-67F2-4F13-B525-7B577E998FA9}.Debug|x86.ActiveCfg = Debug sc9.1|Any CPU
		{EEB688C3-67F2-4F13-B525-7B577E998FA9}.Debug|x86.Build.0 = Debug sc9.1|Any CPU
		{EEB688C3-67F2-4F13-B525-7B577E998FA9}.Release sc10.0|Any CPU.ActiveCfg = Release sc10.0|Any CPU
		{EEB688C3-67F2-4F13-B525-7B577E998FA9}.Release sc10.0|Any CPU.Build.0 = Release sc10.0|Any CPU
		{EEB688C3-67F2-4F13-B525-7B577E998FA9}.Release sc10.0|x64.ActiveCfg = Release sc10.0|Any CPU
		{EEB688C3-67F2-4F13-B525-7B577E998FA9}.Release sc10.0|x64.Build.0 = Release sc10.0|Any CPU
		{EEB688C3-67F2-4F13-B525-7B577E998FA9}.Release sc10.0|x86.ActiveCfg = Release sc10.0|Any CPU
		{EEB688C3-67F2-4F13-B525-7B577E998FA9}.Release sc10.0|x86.Build.0 = Release sc10.0|Any CPU
		{EEB688C3-67F2-4F13-B525-7B577E998FA9}.Release sc10.1|Any CPU.ActiveCfg = Release sc10.1|Any CPU
		{EEB688C3-67F2-4F13-B525-7B577E998FA9}.Release sc10.1|Any CPU.Build.0 = Release sc10.1|Any CPU
		{EEB688C3-67F2-4F13-B525-7B577E998FA9}.Release sc10.1|x64.ActiveCfg = Release sc10.1|Any CPU
		{EEB688C3-67F2-4F13-B525-7B577E998FA9}.Release sc10.1|x64.Build.0 = Release sc10.1|Any CPU
		{EEB688C3-67F2-4F13-B525-7B577E998FA9}.Release sc10.1|x86.ActiveCfg = Release sc10.1|Any CPU
		{EEB688C3-67F2-4F13-B525-7B577E998FA9}.Release sc10.1|x86.Build.0 = Release sc10.1|Any CPU
		{EEB688C3-67F2-4F13-B525-7B577E998FA9}.Release sc9.0|Any CPU.ActiveCfg = Release sc9.0|Any CPU
		{EEB688C3-67F2-4F13-B525-7B577E998FA9}.Release sc9.0|Any CPU.Build.0 = Release sc9.0|Any CPU
		{EEB688C3-67F2-4F13-B525-7B577E998FA9}.Release sc9.0|x64.ActiveCfg = Release sc9.0|Any CPU
		{EEB688C3-67F2-4F13-B525-7B577E998FA9}.Release sc9.0|x64.Build.0 = Release sc9.0|Any CPU
		{EEB688C3-67F2-4F13-B525-7B577E998FA9}.Release sc9.0|x86.ActiveCfg = Release sc9.0|Any CPU
		{EEB688C3-67F2-4F13-B525-7B577E998FA9}.Release sc9.0|x86.Build.0 = Release sc9.0|Any CPU
		{EEB688C3-67F2-4F13-B525-7B577E998FA9}.Release sc9.1|Any CPU.ActiveCfg = Release sc9.1|Any CPU
		{EEB688C3-67F2-4F13-B525-7B577E998FA9}.Release sc9.1|Any CPU.Build.0 = Release sc9.1|Any CPU
		{EEB688C3-67F2-4F13-B525-7B577E998FA9}.Release sc9.1|x64.ActiveCfg = Release sc9.1|Any CPU
		{EEB688C3-67F2-4F13-B525-7B577E998FA9}.Release sc9.1|x64.Build.0 = Release sc9.1|Any CPU
		{EEB688C3-67F2-4F13-B525-7B577E998FA9}.Release sc9.1|x86.ActiveCfg = Release sc9.1|Any CPU
		{EEB688C3-67F2-4F13-B525-7B577E998FA9}.Release sc9.1|x86.Build.0 = Release sc9.1|Any CPU
		{EEB688C3-67F2-4F13-B525-7B577E998FA9}.Release sc9.2|Any CPU.ActiveCfg = Release sc9.2|Any CPU
		{EEB688C3-67F2-4F13-B525-7B577E998FA9}.Release sc9.2|Any CPU.Build.0 = Release sc9.2|Any CPU
		{EEB688C3-67F2-4F13-B525-7B577E998FA9}.Release sc9.2|x64.ActiveCfg = Release sc9.2|Any CPU
		{EEB688C3-67F2-4F13-B525-7B577E998FA9}.Release sc9.2|x64.Build.0 = Release sc9.2|Any CPU
		{EEB688C3-67F2-4F13-B525-7B577E998FA9}.Release sc9.2|x86.ActiveCfg = Release sc9.2|Any CPU
		{EEB688C3-67F2-4F13-B525-7B577E998FA9}.Release sc9.2|x86.Build.0 = Release sc9.2|Any CPU
		{EEB688C3-67F2-4F13-B525-7B577E998FA9}.Release sc9.3|Any CPU.ActiveCfg = Release sc9.3|Any CPU
		{EEB688C3-67F2-4F13-B525-7B577E998FA9}.Release sc9.3|Any CPU.Build.0 = Release sc9.3|Any CPU
		{EEB688C3-67F2-4F13-B525-7B577E998FA9}.Release sc9.3|x64.ActiveCfg = Release sc9.3|Any CPU
		{EEB688C3-67F2-4F13-B525-7B577E998FA9}.Release sc9.3|x64.Build.0 = Release sc9.3|Any CPU
		{EEB688C3-67F2-4F13-B525-7B577E998FA9}.Release sc9.3|x86.ActiveCfg = Release sc9.3|Any CPU
		{EEB688C3-67F2-4F13-B525-7B577E998FA9}.Release sc9.3|x86.Build.0 = Release sc9.3|Any CPU
		{EEB688C3-67F2-4F13-B525-7B577E998FA9}.Release|Any CPU.ActiveCfg = Release sc9.1|Any CPU
		{EEB688C3-67F2-4F13-B525-7B577E998FA9}.Release|Any CPU.Build.0 = Release sc9.1|Any CPU
		{EEB688C3-67F2-4F13-B525-7B577E998FA9}.Release|x64.ActiveCfg = Release sc9.1|Any CPU
		{EEB688C3-67F2-4F13-B525-7B577E998FA9}.Release|x64.Build.0 = Release sc9.1|Any CPU
		{EEB688C3-67F2-4F13-B525-7B577E998FA9}.Release|x86.ActiveCfg = Release sc9.1|Any CPU
		{EEB688C3-67F2-4F13-B525-7B577E998FA9}.Release|x86.Build.0 = Release sc9.1|Any CPU
		{D1D6021C-B84F-47BA-B7B3-4D97132219BE}.Debug sc10.0|Any CPU.ActiveCfg = Debug sc10.0|Any CPU
		{D1D6021C-B84F-47BA-B7B3-4D97132219BE}.Debug sc10.0|Any CPU.Build.0 = Debug sc10.0|Any CPU
		{D1D6021C-B84F-47BA-B7B3-4D97132219BE}.Debug sc10.0|x64.ActiveCfg = Debug sc10.0|Any CPU
		{D1D6021C-B84F-47BA-B7B3-4D97132219BE}.Debug sc10.0|x64.Build.0 = Debug sc10.0|Any CPU
		{D1D6021C-B84F-47BA-B7B3-4D97132219BE}.Debug sc10.0|x86.ActiveCfg = Debug sc10.0|Any CPU
		{D1D6021C-B84F-47BA-B7B3-4D97132219BE}.Debug sc10.0|x86.Build.0 = Debug sc10.0|Any CPU
		{D1D6021C-B84F-47BA-B7B3-4D97132219BE}.Debug sc10.1|Any CPU.ActiveCfg = Debug sc10.1|Any CPU
		{D1D6021C-B84F-47BA-B7B3-4D97132219BE}.Debug sc10.1|Any CPU.Build.0 = Debug sc10.1|Any CPU
		{D1D6021C-B84F-47BA-B7B3-4D97132219BE}.Debug sc10.1|x64.ActiveCfg = Debug sc10.1|Any CPU
		{D1D6021C-B84F-47BA-B7B3-4D97132219BE}.Debug sc10.1|x64.Build.0 = Debug sc10.1|Any CPU
		{D1D6021C-B84F-47BA-B7B3-4D97132219BE}.Debug sc10.1|x86.ActiveCfg = Debug sc10.1|Any CPU
		{D1D6021C-B84F-47BA-B7B3-4D97132219BE}.Debug sc10.1|x86.Build.0 = Debug sc10.1|Any CPU
		{D1D6021C-B84F-47BA-B7B3-4D97132219BE}.Debug sc9.0|Any CPU.ActiveCfg = Debug sc9.0|Any CPU
		{D1D6021C-B84F-47BA-B7B3-4D97132219BE}.Debug sc9.0|Any CPU.Build.0 = Debug sc9.0|Any CPU
		{D1D6021C-B84F-47BA-B7B3-4D97132219BE}.Debug sc9.0|x64.ActiveCfg = Debug sc9.0|Any CPU
		{D1D6021C-B84F-47BA-B7B3-4D97132219BE}.Debug sc9.0|x64.Build.0 = Debug sc9.0|Any CPU
		{D1D6021C-B84F-47BA-B7B3-4D97132219BE}.Debug sc9.0|x86.ActiveCfg = Debug sc9.0|Any CPU
		{D1D6021C-B84F-47BA-B7B3-4D97132219BE}.Debug sc9.0|x86.Build.0 = Debug sc9.0|Any CPU
		{D1D6021C-B84F-47BA-B7B3-4D97132219BE}.Debug sc9.1|Any CPU.ActiveCfg = Debug sc9.1|Any CPU
		{D1D6021C-B84F-47BA-B7B3-4D97132219BE}.Debug sc9.1|Any CPU.Build.0 = Debug sc9.1|Any CPU
		{D1D6021C-B84F-47BA-B7B3-4D97132219BE}.Debug sc9.1|x64.ActiveCfg = Debug sc9.1|Any CPU
		{D1D6021C-B84F-47BA-B7B3-4D97132219BE}.Debug sc9.1|x64.Build.0 = Debug sc9.1|Any CPU
		{D1D6021C-B84F-47BA-B7B3-4D97132219BE}.Debug sc9.1|x86.ActiveCfg = Debug sc9.1|Any CPU
		{D1D6021C-B84F-47BA-B7B3-4D97132219BE}.Debug sc9.1|x86.Build.0 = Debug sc9.1|Any CPU
		{D1D6021C-B84F-47BA-B7B3-4D97132219BE}.Debug sc9.2|Any CPU.ActiveCfg = Debug sc9.2|Any CPU
		{D1D6021C-B84F-47BA-B7B3-4D97132219BE}.Debug sc9.2|Any CPU.Build.0 = Debug sc9.2|Any CPU
		{D1D6021C-B84F-47BA-B7B3-4D97132219BE}.Debug sc9.2|x64.ActiveCfg = Debug sc9.2|Any CPU
		{D1D6021C-B84F-47BA-B7B3-4D97132219BE}.Debug sc9.2|x64.Build.0 = Debug sc9.2|Any CPU
		{D1D6021C-B84F-47BA-B7B3-4D97132219BE}.Debug sc9.2|x86.ActiveCfg = Debug sc9.2|Any CPU
		{D1D6021C-B84F-47BA-B7B3-4D97132219BE}.Debug sc9.2|x86.Build.0 = Debug sc9.2|Any CPU
		{D1D6021C-B84F-47BA-B7B3-4D97132219BE}.Debug sc9.3|Any CPU.ActiveCfg = Debug sc9.3|Any CPU
		{D1D6021C-B84F-47BA-B7B3-4D97132219BE}.Debug sc9.3|Any CPU.Build.0 = Debug sc9.3|Any CPU
		{D1D6021C-B84F-47BA-B7B3-4D97132219BE}.Debug sc9.3|x64.ActiveCfg = Debug sc9.3|Any CPU
		{D1D6021C-B84F-47BA-B7B3-4D97132219BE}.Debug sc9.3|x64.Build.0 = Debug sc9.3|Any CPU
		{D1D6021C-B84F-47BA-B7B3-4D97132219BE}.Debug sc9.3|x86.ActiveCfg = Debug sc9.3|Any CPU
		{D1D6021C-B84F-47BA-B7B3-4D97132219BE}.Debug sc9.3|x86.Build.0 = Debug sc9.3|Any CPU
		{D1D6021C-B84F-47BA-B7B3-4D97132219BE}.Debug|Any CPU.ActiveCfg = Debug sc9.1|Any CPU
		{D1D6021C-B84F-47BA-B7B3-4D97132219BE}.Debug|Any CPU.Build.0 = Debug sc9.1|Any CPU
		{D1D6021C-B84F-47BA-B7B3-4D97132219BE}.Debug|x64.ActiveCfg = Debug sc9.1|Any CPU
		{D1D6021C-B84F-47BA-B7B3-4D97132219BE}.Debug|x64.Build.0 = Debug sc9.1|Any CPU
		{D1D6021C-B84F-47BA-B7B3-4D97132219BE}.Debug|x86.ActiveCfg = Debug sc9.1|Any CPU
		{D1D6021C-B84F-47BA-B7B3-4D97132219BE}.Debug|x86.Build.0 = Debug sc9.1|Any CPU
		{D1D6021C-B84F-47BA-B7B3-4D97132219BE}.Release sc10.0|Any CPU.ActiveCfg = Release sc10.0|Any CPU
		{D1D6021C-B84F-47BA-B7B3-4D97132219BE}.Release sc10.0|Any CPU.Build.0 = Release sc10.0|Any CPU
		{D1D6021C-B84F-47BA-B7B3-4D97132219BE}.Release sc10.0|x64.ActiveCfg = Release sc10.0|Any CPU
		{D1D6021C-B84F-47BA-B7B3-4D97132219BE}.Release sc10.0|x64.Build.0 = Release sc10.0|Any CPU
		{D1D6021C-B84F-47BA-B7B3-4D97132219BE}.Release sc10.0|x86.ActiveCfg = Release sc10.0|Any CPU
		{D1D6021C-B84F-47BA-B7B3-4D97132219BE}.Release sc10.0|x86.Build.0 = Release sc10.0|Any CPU
		{D1D6021C-B84F-47BA-B7B3-4D97132219BE}.Release sc10.1|Any CPU.ActiveCfg = Release sc10.1|Any CPU
		{D1D6021C-B84F-47BA-B7B3-4D97132219BE}.Release sc10.1|Any CPU.Build.0 = Release sc10.1|Any CPU
		{D1D6021C-B84F-47BA-B7B3-4D97132219BE}.Release sc10.1|x64.ActiveCfg = Release sc10.1|Any CPU
		{D1D6021C-B84F-47BA-B7B3-4D97132219BE}.Release sc10.1|x64.Build.0 = Release sc10.1|Any CPU
		{D1D6021C-B84F-47BA-B7B3-4D97132219BE}.Release sc10.1|x86.ActiveCfg = Release sc10.1|Any CPU
		{D1D6021C-B84F-47BA-B7B3-4D97132219BE}.Release sc10.1|x86.Build.0 = Release sc10.1|Any CPU
		{D1D6021C-B84F-47BA-B7B3-4D97132219BE}.Release sc9.0|Any CPU.ActiveCfg = Release sc9.0|Any CPU
		{D1D6021C-B84F-47BA-B7B3-4D97132219BE}.Release sc9.0|Any CPU.Build.0 = Release sc9.0|Any CPU
		{D1D6021C-B84F-47BA-B7B3-4D97132219BE}.Release sc9.0|x64.ActiveCfg = Release sc9.0|Any CPU
		{D1D6021C-B84F-47BA-B7B3-4D97132219BE}.Release sc9.0|x64.Build.0 = Release sc9.0|Any CPU
		{D1D6021C-B84F-47BA-B7B3-4D97132219BE}.Release sc9.0|x86.ActiveCfg = Release sc9.0|Any CPU
		{D1D6021C-B84F-47BA-B7B3-4D97132219BE}.Release sc9.0|x86.Build.0 = Release sc9.0|Any CPU
		{D1D6021C-B84F-47BA-B7B3-4D97132219BE}.Release sc9.1|Any CPU.ActiveCfg = Release sc9.1|Any CPU
		{D1D6021C-B84F-47BA-B7B3-4D97132219BE}.Release sc9.1|Any CPU.Build.0 = Release sc9.1|Any CPU
		{D1D6021C-B84F-47BA-B7B3-4D97132219BE}.Release sc9.1|x64.ActiveCfg = Release sc9.1|Any CPU
		{D1D6021C-B84F-47BA-B7B3-4D97132219BE}.Release sc9.1|x64.Build.0 = Release sc9.1|Any CPU
		{D1D6021C-B84F-47BA-B7B3-4D97132219BE}.Release sc9.1|x86.ActiveCfg = Release sc9.1|Any CPU
		{D1D6021C-B84F-47BA-B7B3-4D97132219BE}.Release sc9.1|x86.Build.0 = Release sc9.1|Any CPU
		{D1D6021C-B84F-47BA-B7B3-4D97132219BE}.Release sc9.2|Any CPU.ActiveCfg = Release sc9.2|Any CPU
		{D1D6021C-B84F-47BA-B7B3-4D97132219BE}.Release sc9.2|Any CPU.Build.0 = Release sc9.2|Any CPU
		{D1D6021C-B84F-47BA-B7B3-4D97132219BE}.Release sc9.2|x64.ActiveCfg = Release sc9.2|Any CPU
		{D1D6021C-B84F-47BA-B7B3-4D97132219BE}.Release sc9.2|x64.Build.0 = Release sc9.2|Any CPU
		{D1D6021C-B84F-47BA-B7B3-4D97132219BE}.Release sc9.2|x86.ActiveCfg = Release sc9.2|Any CPU
		{D1D6021C-B84F-47BA-B7B3-4D97132219BE}.Release sc9.2|x86.Build.0 = Release sc9.2|Any CPU
		{D1D6021C-B84F-47BA-B7B3-4D97132219BE}.Release sc9.3|Any CPU.ActiveCfg = Release sc9.3|Any CPU
		{D1D6021C-B84F-47BA-B7B3-4D97132219BE}.Release sc9.3|Any CPU.Build.0 = Release sc9.3|Any CPU
		{D1D6021C-B84F-47BA-B7B3-4D97132219BE}.Release sc9.3|x64.ActiveCfg = Release sc9.3|Any CPU
		{D1D6021C-B84F-47BA-B7B3-4D97132219BE}.Release sc9.3|x64.Build.0 = Release sc9.3|Any CPU
		{D1D6021C-B84F-47BA-B7B3-4D97132219BE}.Release sc9.3|x86.ActiveCfg = Release sc9.3|Any CPU
		{D1D6021C-B84F-47BA-B7B3-4D97132219BE}.Release sc9.3|x86.Build.0 = Release sc9.3|Any CPU
		{D1D6021C-B84F-47BA-B7B3-4D97132219BE}.Release|Any CPU.ActiveCfg = Release sc9.1|Any CPU
		{D1D6021C-B84F-47BA-B7B3-4D97132219BE}.Release|Any CPU.Build.0 = Release sc9.1|Any CPU
		{D1D6021C-B84F-47BA-B7B3-4D97132219BE}.Release|x64.ActiveCfg = Release sc9.1|Any CPU
		{D1D6021C-B84F-47BA-B7B3-4D97132219BE}.Release|x64.Build.0 = Release sc9.1|Any CPU
		{D1D6021C-B84F-47BA-B7B3-4D97132219BE}.Release|x86.ActiveCfg = Release sc9.1|Any CPU
		{D1D6021C-B84F-47BA-B7B3-4D97132219BE}.Release|x86.Build.0 = Release sc9.1|Any CPU
	EndGlobalSection
	GlobalSection(SolutionProperties) = preSolution
		HideSolutionNode = FALSE
	EndGlobalSection
	GlobalSection(ExtensibilityGlobals) = postSolution
		SolutionGuid = {34CF35EA-4D80-40D8-89BB-D1075C428428}
	EndGlobalSection
EndGlobal
