
Microsoft Visual Studio Solution File, Format Version 12.00
# Visual Studio 2012
Project("{2150E333-8FDC-42A3-9474-1A3956D46DE8}") = "Dependencies", "Dependencies", "{720A7BEF-0695-49FD-95FC-15BEF4822B59}"
EndProject
Project("{2150E333-8FDC-42A3-9474-1A3956D46DE8}") = "Third-party", "Third-party", "{0CDFF1D0-EB1E-44DF-A49C-EA83F3DAC88E}"
	ProjectSection(SolutionItems) = preProject
		Dependencies\Third-party\AntiXSSLibrary.dll = Dependencies\Third-party\AntiXSSLibrary.dll
		Dependencies\Third-party\CookComputing.XmlRpcV2.dll = Dependencies\Third-party\CookComputing.XmlRpcV2.dll
		Dependencies\Third-party\CustomItemGenerator.dll = Dependencies\Third-party\CustomItemGenerator.dll
		Dependencies\Third-party\MSCaptcha.dll = Dependencies\Third-party\MSCaptcha.dll
		Dependencies\Third-party\Recaptcha.dll = Dependencies\Third-party\Recaptcha.dll
		Dependencies\Third-party\RssToolkit.dll = Dependencies\Third-party\RssToolkit.dll
		Dependencies\Third-party\Sitecore.Captcha.dll = Dependencies\Third-party\Sitecore.Captcha.dll
	EndProjectSection
EndProject
Project("{FAE04EC0-301F-11D3-BF4B-00C04F79EFBC}") = "Test", "Test\Test.csproj", "{DD0793C1-00C7-48A1-BCEA-28FB08BC9CD8}"
EndProject
Project("{FAE04EC0-301F-11D3-BF4B-00C04F79EFBC}") = "Sitecore.Modules.WeBlog", "Website\Sitecore.Modules.WeBlog.csproj", "{26FE5F3A-F140-40C4-85A0-C1866DA26F16}"
EndProject
Global
	GlobalSection(SubversionScc) = preSolution
		Svn-Managed = True
		Manager = AnkhSVN - Subversion Support for Visual Studio
	EndGlobalSection
	GlobalSection(SolutionConfigurationPlatforms) = preSolution
		Debug sc6.2|Any CPU = Debug sc6.2|Any CPU
		Debug sc6.4|Any CPU = Debug sc6.4|Any CPU
		Debug sc6.6|Any CPU = Debug sc6.6|Any CPU
		Debug sc7.0|Any CPU = Debug sc7.0|Any CPU
		Debug sc7.2|Any CPU = Debug sc7.2|Any CPU
		Debug sc7.5|Any CPU = Debug sc7.5|Any CPU
		Debug sc8.0|Any CPU = Debug sc8.0|Any CPU
		Debug sc8.1|Any CPU = Debug sc8.1|Any CPU
		Release sc6.2|Any CPU = Release sc6.2|Any CPU
		Release sc6.4|Any CPU = Release sc6.4|Any CPU
		Release sc6.6|Any CPU = Release sc6.6|Any CPU
		Release sc7.0|Any CPU = Release sc7.0|Any CPU
		Release sc7.2|Any CPU = Release sc7.2|Any CPU
		Release sc7.5|Any CPU = Release sc7.5|Any CPU
		Release sc8.0|Any CPU = Release sc8.0|Any CPU
		Release sc8.1|Any CPU = Release sc8.1|Any CPU
	EndGlobalSection
	GlobalSection(ProjectConfigurationPlatforms) = postSolution
		{DD0793C1-00C7-48A1-BCEA-28FB08BC9CD8}.Debug sc6.2|Any CPU.ActiveCfg = Debug sc6.2|Any CPU
		{DD0793C1-00C7-48A1-BCEA-28FB08BC9CD8}.Debug sc6.2|Any CPU.Build.0 = Debug sc6.2|Any CPU
		{DD0793C1-00C7-48A1-BCEA-28FB08BC9CD8}.Debug sc6.4|Any CPU.ActiveCfg = Debug sc6.4|Any CPU
		{DD0793C1-00C7-48A1-BCEA-28FB08BC9CD8}.Debug sc6.4|Any CPU.Build.0 = Debug sc6.4|Any CPU
		{DD0793C1-00C7-48A1-BCEA-28FB08BC9CD8}.Debug sc6.6|Any CPU.ActiveCfg = Debug sc6.6|Any CPU
		{DD0793C1-00C7-48A1-BCEA-28FB08BC9CD8}.Debug sc6.6|Any CPU.Build.0 = Debug sc6.6|Any CPU
		{DD0793C1-00C7-48A1-BCEA-28FB08BC9CD8}.Debug sc7.0|Any CPU.ActiveCfg = Debug sc7.0|Any CPU
		{DD0793C1-00C7-48A1-BCEA-28FB08BC9CD8}.Debug sc7.0|Any CPU.Build.0 = Debug sc7.0|Any CPU
		{DD0793C1-00C7-48A1-BCEA-28FB08BC9CD8}.Debug sc7.2|Any CPU.ActiveCfg = Debug sc7.2|Any CPU
		{DD0793C1-00C7-48A1-BCEA-28FB08BC9CD8}.Debug sc7.5|Any CPU.ActiveCfg = Debug sc7.5|Any CPU
		{DD0793C1-00C7-48A1-BCEA-28FB08BC9CD8}.Debug sc7.5|Any CPU.Build.0 = Debug sc7.5|Any CPU
		{DD0793C1-00C7-48A1-BCEA-28FB08BC9CD8}.Debug sc8.0|Any CPU.ActiveCfg = Debug sc8.0|Any CPU
		{DD0793C1-00C7-48A1-BCEA-28FB08BC9CD8}.Debug sc8.0|Any CPU.Build.0 = Debug sc8.0|Any CPU
		{DD0793C1-00C7-48A1-BCEA-28FB08BC9CD8}.Debug sc8.1|Any CPU.ActiveCfg = Debug sc8.1|Any CPU
		{DD0793C1-00C7-48A1-BCEA-28FB08BC9CD8}.Debug sc8.1|Any CPU.Build.0 = Debug sc8.1|Any CPU
		{DD0793C1-00C7-48A1-BCEA-28FB08BC9CD8}.Release sc6.2|Any CPU.ActiveCfg = Release sc6.2|Any CPU
		{DD0793C1-00C7-48A1-BCEA-28FB08BC9CD8}.Release sc6.2|Any CPU.Build.0 = Release sc6.2|Any CPU
		{DD0793C1-00C7-48A1-BCEA-28FB08BC9CD8}.Release sc6.4|Any CPU.ActiveCfg = Release sc6.4|Any CPU
		{DD0793C1-00C7-48A1-BCEA-28FB08BC9CD8}.Release sc6.4|Any CPU.Build.0 = Release sc6.4|Any CPU
		{DD0793C1-00C7-48A1-BCEA-28FB08BC9CD8}.Release sc6.6|Any CPU.ActiveCfg = Release sc6.6|Any CPU
		{DD0793C1-00C7-48A1-BCEA-28FB08BC9CD8}.Release sc6.6|Any CPU.Build.0 = Release sc6.6|Any CPU
		{DD0793C1-00C7-48A1-BCEA-28FB08BC9CD8}.Release sc7.0|Any CPU.ActiveCfg = Release sc7.0|Any CPU
		{DD0793C1-00C7-48A1-BCEA-28FB08BC9CD8}.Release sc7.0|Any CPU.Build.0 = Release sc7.0|Any CPU
		{DD0793C1-00C7-48A1-BCEA-28FB08BC9CD8}.Release sc7.2|Any CPU.ActiveCfg = Release sc7.2|Any CPU
		{DD0793C1-00C7-48A1-BCEA-28FB08BC9CD8}.Release sc7.5|Any CPU.ActiveCfg = Release sc7.5|Any CPU
		{DD0793C1-00C7-48A1-BCEA-28FB08BC9CD8}.Release sc7.5|Any CPU.Build.0 = Release sc7.5|Any CPU
		{DD0793C1-00C7-48A1-BCEA-28FB08BC9CD8}.Release sc8.0|Any CPU.ActiveCfg = Release sc8.0|Any CPU
		{DD0793C1-00C7-48A1-BCEA-28FB08BC9CD8}.Release sc8.0|Any CPU.Build.0 = Release sc8.0|Any CPU
		{DD0793C1-00C7-48A1-BCEA-28FB08BC9CD8}.Release sc8.1|Any CPU.ActiveCfg = Release sc8.1|Any CPU
		{DD0793C1-00C7-48A1-BCEA-28FB08BC9CD8}.Release sc8.1|Any CPU.Build.0 = Release sc8.1|Any CPU
		{26FE5F3A-F140-40C4-85A0-C1866DA26F16}.Debug sc6.2|Any CPU.ActiveCfg = Debug sc6.2|Any CPU
		{26FE5F3A-F140-40C4-85A0-C1866DA26F16}.Debug sc6.2|Any CPU.Build.0 = Debug sc6.2|Any CPU
		{26FE5F3A-F140-40C4-85A0-C1866DA26F16}.Debug sc6.4|Any CPU.ActiveCfg = Debug sc6.4|Any CPU
		{26FE5F3A-F140-40C4-85A0-C1866DA26F16}.Debug sc6.4|Any CPU.Build.0 = Debug sc6.4|Any CPU
		{26FE5F3A-F140-40C4-85A0-C1866DA26F16}.Debug sc6.6|Any CPU.ActiveCfg = Debug sc6.6|Any CPU
		{26FE5F3A-F140-40C4-85A0-C1866DA26F16}.Debug sc6.6|Any CPU.Build.0 = Debug sc6.6|Any CPU
		{26FE5F3A-F140-40C4-85A0-C1866DA26F16}.Debug sc7.0|Any CPU.ActiveCfg = Debug sc7.0|Any CPU
		{26FE5F3A-F140-40C4-85A0-C1866DA26F16}.Debug sc7.0|Any CPU.Build.0 = Debug sc7.0|Any CPU
		{26FE5F3A-F140-40C4-85A0-C1866DA26F16}.Debug sc7.2|Any CPU.ActiveCfg = Debug sc7.2|Any CPU
		{26FE5F3A-F140-40C4-85A0-C1866DA26F16}.Debug sc7.5|Any CPU.ActiveCfg = Debug sc7.5|Any CPU
		{26FE5F3A-F140-40C4-85A0-C1866DA26F16}.Debug sc7.5|Any CPU.Build.0 = Debug sc7.5|Any CPU
		{26FE5F3A-F140-40C4-85A0-C1866DA26F16}.Debug sc8.0|Any CPU.ActiveCfg = Debug sc8.0|Any CPU
		{26FE5F3A-F140-40C4-85A0-C1866DA26F16}.Debug sc8.0|Any CPU.Build.0 = Debug sc8.0|Any CPU
		{26FE5F3A-F140-40C4-85A0-C1866DA26F16}.Debug sc8.1|Any CPU.ActiveCfg = Debug sc8.1|Any CPU
		{26FE5F3A-F140-40C4-85A0-C1866DA26F16}.Debug sc8.1|Any CPU.Build.0 = Debug sc8.1|Any CPU
		{26FE5F3A-F140-40C4-85A0-C1866DA26F16}.Release sc6.2|Any CPU.ActiveCfg = Release sc6.2|Any CPU
		{26FE5F3A-F140-40C4-85A0-C1866DA26F16}.Release sc6.2|Any CPU.Build.0 = Release sc6.2|Any CPU
		{26FE5F3A-F140-40C4-85A0-C1866DA26F16}.Release sc6.4|Any CPU.ActiveCfg = Release sc6.4|Any CPU
		{26FE5F3A-F140-40C4-85A0-C1866DA26F16}.Release sc6.4|Any CPU.Build.0 = Release sc6.4|Any CPU
		{26FE5F3A-F140-40C4-85A0-C1866DA26F16}.Release sc6.6|Any CPU.ActiveCfg = Release sc6.6|Any CPU
		{26FE5F3A-F140-40C4-85A0-C1866DA26F16}.Release sc6.6|Any CPU.Build.0 = Release sc6.6|Any CPU
		{26FE5F3A-F140-40C4-85A0-C1866DA26F16}.Release sc7.0|Any CPU.ActiveCfg = Release sc7.0|Any CPU
		{26FE5F3A-F140-40C4-85A0-C1866DA26F16}.Release sc7.0|Any CPU.Build.0 = Release sc7.0|Any CPU
		{26FE5F3A-F140-40C4-85A0-C1866DA26F16}.Release sc7.2|Any CPU.ActiveCfg = Release sc7.2|Any CPU
		{26FE5F3A-F140-40C4-85A0-C1866DA26F16}.Release sc7.2|Any CPU.Build.0 = Release sc7.2|Any CPU
		{26FE5F3A-F140-40C4-85A0-C1866DA26F16}.Release sc7.5|Any CPU.ActiveCfg = Release sc7.5|Any CPU
		{26FE5F3A-F140-40C4-85A0-C1866DA26F16}.Release sc7.5|Any CPU.Build.0 = Release sc7.5|Any CPU
		{26FE5F3A-F140-40C4-85A0-C1866DA26F16}.Release sc8.0|Any CPU.ActiveCfg = Release sc8.0|Any CPU
		{26FE5F3A-F140-40C4-85A0-C1866DA26F16}.Release sc8.0|Any CPU.Build.0 = Release sc8.0|Any CPU
		{26FE5F3A-F140-40C4-85A0-C1866DA26F16}.Release sc8.1|Any CPU.ActiveCfg = Release sc8.1|Any CPU
		{26FE5F3A-F140-40C4-85A0-C1866DA26F16}.Release sc8.1|Any CPU.Build.0 = Release sc8.1|Any CPU
	EndGlobalSection
	GlobalSection(SolutionProperties) = preSolution
		HideSolutionNode = FALSE
	EndGlobalSection
	GlobalSection(NestedProjects) = preSolution
		{0CDFF1D0-EB1E-44DF-A49C-EA83F3DAC88E} = {720A7BEF-0695-49FD-95FC-15BEF4822B59}
	EndGlobalSection
EndGlobal
