
Microsoft Visual Studio Solution File, Format Version 10.00
# Visual Studio 2008
Project("{FAE04EC0-301F-11D3-BF4B-00C04F79EFBC}") = "Eviblog.Web", "Eviblog.Web.csproj", "{B805ABFB-4E96-4F94-B409-02DF34AE0CF6}"
EndProject
Project("{FAE04EC0-301F-11D3-BF4B-00C04F79EFBC}") = "Sitecore.Modules.Eviblog", "..\Sitecore.Modules.Eviblog\Sitecore.Modules.Eviblog.csproj", "{88A9F0BD-B2B2-4EB2-8CFF-9877D7CD5150}"
EndProject
Global
	GlobalSection(SolutionConfigurationPlatforms) = preSolution
		Debug|Any CPU = Debug|Any CPU
		Release|Any CPU = Release|Any CPU
	EndGlobalSection
	GlobalSection(ProjectConfigurationPlatforms) = postSolution
		{B805ABFB-4E96-4F94-B409-02DF34AE0CF6}.Debug|Any CPU.ActiveCfg = Debug|Any CPU
		{B805ABFB-4E96-4F94-B409-02DF34AE0CF6}.Debug|Any CPU.Build.0 = Debug|Any CPU
		{B805ABFB-4E96-4F94-B409-02DF34AE0CF6}.Release|Any CPU.ActiveCfg = Release|Any CPU
		{B805ABFB-4E96-4F94-B409-02DF34AE0CF6}.Release|Any CPU.Build.0 = Release|Any CPU
		{88A9F0BD-B2B2-4EB2-8CFF-9877D7CD5150}.Debug|Any CPU.ActiveCfg = Debug|Any CPU
		{88A9F0BD-B2B2-4EB2-8CFF-9877D7CD5150}.Debug|Any CPU.Build.0 = Debug|Any CPU
		{88A9F0BD-B2B2-4EB2-8CFF-9877D7CD5150}.Release|Any CPU.ActiveCfg = Release|Any CPU
		{88A9F0BD-B2B2-4EB2-8CFF-9877D7CD5150}.Release|Any CPU.Build.0 = Release|Any CPU
	EndGlobalSection
	GlobalSection(SolutionProperties) = preSolution
		HideSolutionNode = FALSE
	EndGlobalSection
	GlobalSection(ExtensibilityGlobals) = postSolution
		VisualSVNWorkingCopyRoot = ..
	EndGlobalSection
	GlobalSection(SubversionScc) = preSolution
		Svn-Managed = True
		Manager = AnkhSVN - Subversion Support for Visual Studio
	EndGlobalSection
EndGlobal
